
Microsoft Visual Studio Solution File, Format Version 12.00
# Visual Studio Version 17
VisualStudioVersion = 17.4.33103.184
MinimumVisualStudioVersion = 10.0.40219.1
Project("{FAE04EC0-301F-11D3-BF4B-00C04F79EFBC}") = "BinaryTree", "BinaryTree.csproj", "{990B61C8-1026-4FA3-83B4-06AC38267D64}"
EndProject
Global
	GlobalSection(SolutionConfigurationPlatforms) = preSolution
		Debug|Any CPU = Debug|Any CPU
		Release|Any CPU = Release|Any CPU
	EndGlobalSection
	GlobalSection(ProjectConfigurationPlatforms) = postSolution
		{990B61C8-1026-4FA3-83B4-06AC38267D64}.Debug|Any CPU.ActiveCfg = Debug|Any CPU
		{990B61C8-1026-4FA3-83B4-06AC38267D64}.Debug|Any CPU.Build.0 = Debug|Any CPU
		{990B61C8-1026-4FA3-83B4-06AC38267D64}.Release|Any CPU.ActiveCfg = Release|Any CPU
		{990B61C8-1026-4FA3-83B4-06AC38267D64}.Release|Any CPU.Build.0 = Release|Any CPU
	EndGlobalSection
	GlobalSection(SolutionProperties) = preSolution
		HideSolutionNode = FALSE
	EndGlobalSection
	GlobalSection(ExtensibilityGlobals) = postSolution
		SolutionGuid = {6C8424A7-1938-40B5-A34A-C78ECE5F9EF7}
	EndGlobalSection
EndGlobal
